// !$*UTF8*$!
{
	archiveVersion = 1;
	classes = {
	};
	objectVersion = 46;
	objects = {

/* Begin PBXBuildFile section */
		693542B11592F87A00CDE389 /* UIKit.framework in Frameworks */ = {isa = PBXBuildFile; fileRef = 693542B01592F87A00CDE389 /* UIKit.framework */; };
		693542B31592F87A00CDE389 /* Foundation.framework in Frameworks */ = {isa = PBXBuildFile; fileRef = 693542B21592F87A00CDE389 /* Foundation.framework */; };
		693542B51592F87A00CDE389 /* CoreGraphics.framework in Frameworks */ = {isa = PBXBuildFile; fileRef = 693542B41592F87A00CDE389 /* CoreGraphics.framework */; };
		693542BB1592F87A00CDE389 /* InfoPlist.strings in Resources */ = {isa = PBXBuildFile; fileRef = 693542B91592F87A00CDE389 /* InfoPlist.strings */; };
		693542BD1592F87A00CDE389 /* main.m in Sources */ = {isa = PBXBuildFile; fileRef = 693542BC1592F87A00CDE389 /* main.m */; };
		693542C11592F87A00CDE389 /* AppDelegate.m in Sources */ = {isa = PBXBuildFile; fileRef = 693542C01592F87A00CDE389 /* AppDelegate.m */; };
		693542C91592F87A00CDE389 /* SenTestingKit.framework in Frameworks */ = {isa = PBXBuildFile; fileRef = 693542C81592F87A00CDE389 /* SenTestingKit.framework */; };
		693542CA1592F87A00CDE389 /* UIKit.framework in Frameworks */ = {isa = PBXBuildFile; fileRef = 693542B01592F87A00CDE389 /* UIKit.framework */; };
		693542CB1592F87A00CDE389 /* Foundation.framework in Frameworks */ = {isa = PBXBuildFile; fileRef = 693542B21592F87A00CDE389 /* Foundation.framework */; };
		693542D31592F87A00CDE389 /* InfoPlist.strings in Resources */ = {isa = PBXBuildFile; fileRef = 693542D11592F87A00CDE389 /* InfoPlist.strings */; };
		693542D61592F87A00CDE389 /* ESBlocksTests.m in Sources */ = {isa = PBXBuildFile; fileRef = 693542D51592F87A00CDE389 /* ESBlocksTests.m */; };
		693542E515930F8C00CDE389 /* TestObj.m in Sources */ = {isa = PBXBuildFile; fileRef = 693542E415930F8C00CDE389 /* TestObj.m */; };
		695B9C3D159945A3001C64C7 /* AddressBook.framework in Frameworks */ = {isa = PBXBuildFile; fileRef = 695B9C3B159945A3001C64C7 /* AddressBook.framework */; };
		695B9C3E159945A3001C64C7 /* AddressBookUI.framework in Frameworks */ = {isa = PBXBuildFile; fileRef = 695B9C3C159945A3001C64C7 /* AddressBookUI.framework */; };
		698937641597FF640095CF9A /* DemoViewController.m in Sources */ = {isa = PBXBuildFile; fileRef = 698937621597FF640095CF9A /* DemoViewController.m */; };
		698937651597FF640095CF9A /* DemoViewController.xib in Resources */ = {isa = PBXBuildFile; fileRef = 698937631597FF640095CF9A /* DemoViewController.xib */; };
		698937B9159844950095CF9A /* NSObject+ESBlocks.m in Sources */ = {isa = PBXBuildFile; fileRef = 698937B0159844950095CF9A /* NSObject+ESBlocks.m */; };
		698937BA159844950095CF9A /* NSObject+ESPropertyGeneration.m in Sources */ = {isa = PBXBuildFile; fileRef = 698937B2159844950095CF9A /* NSObject+ESPropertyGeneration.m */; };
		698937BB159844950095CF9A /* NSString+ESAdditions.m in Sources */ = {isa = PBXBuildFile; fileRef = 698937B4159844950095CF9A /* NSString+ESAdditions.m */; };
		698937BC159844950095CF9A /* UIActionSheet+ESBlocks.m in Sources */ = {isa = PBXBuildFile; fileRef = 698937B6159844950095CF9A /* UIActionSheet+ESBlocks.m */; };
		698937BD159844950095CF9A /* UIAlertView+ESBlocks.m in Sources */ = {isa = PBXBuildFile; fileRef = 698937B8159844950095CF9A /* UIAlertView+ESBlocks.m */; };
		698937C315984AE40095CF9A /* ESAddressBook.m in Sources */ = {isa = PBXBuildFile; fileRef = 698937C215984AE40095CF9A /* ESAddressBook.m */; };
/* End PBXBuildFile section */

/* Begin PBXContainerItemProxy section */
		693542CC1592F87A00CDE389 /* PBXContainerItemProxy */ = {
			isa = PBXContainerItemProxy;
			containerPortal = 693542A31592F87900CDE389 /* Project object */;
			proxyType = 1;
			remoteGlobalIDString = 693542AB1592F87900CDE389;
			remoteInfo = ESBlocks;
		};
/* End PBXContainerItemProxy section */

/* Begin PBXFileReference section */
		693542AC1592F87A00CDE389 /* ESBlocks.app */ = {isa = PBXFileReference; explicitFileType = wrapper.application; includeInIndex = 0; path = ESBlocks.app; sourceTree = BUILT_PRODUCTS_DIR; };
		693542B01592F87A00CDE389 /* UIKit.framework */ = {isa = PBXFileReference; lastKnownFileType = wrapper.framework; name = UIKit.framework; path = System/Library/Frameworks/UIKit.framework; sourceTree = SDKROOT; };
		693542B21592F87A00CDE389 /* Foundation.framework */ = {isa = PBXFileReference; lastKnownFileType = wrapper.framework; name = Foundation.framework; path = System/Library/Frameworks/Foundation.framework; sourceTree = SDKROOT; };
		693542B41592F87A00CDE389 /* CoreGraphics.framework */ = {isa = PBXFileReference; lastKnownFileType = wrapper.framework; name = CoreGraphics.framework; path = System/Library/Frameworks/CoreGraphics.framework; sourceTree = SDKROOT; };
		693542B81592F87A00CDE389 /* ESBlocks-Info.plist */ = {isa = PBXFileReference; lastKnownFileType = text.plist.xml; path = "ESBlocks-Info.plist"; sourceTree = "<group>"; };
		693542BA1592F87A00CDE389 /* en */ = {isa = PBXFileReference; lastKnownFileType = text.plist.strings; name = en; path = en.lproj/InfoPlist.strings; sourceTree = "<group>"; };
		693542BC1592F87A00CDE389 /* main.m */ = {isa = PBXFileReference; lastKnownFileType = sourcecode.c.objc; path = main.m; sourceTree = "<group>"; };
		693542BE1592F87A00CDE389 /* ESBlocks-Prefix.pch */ = {isa = PBXFileReference; lastKnownFileType = sourcecode.c.h; path = "ESBlocks-Prefix.pch"; sourceTree = "<group>"; };
		693542BF1592F87A00CDE389 /* AppDelegate.h */ = {isa = PBXFileReference; lastKnownFileType = sourcecode.c.h; path = AppDelegate.h; sourceTree = "<group>"; };
		693542C01592F87A00CDE389 /* AppDelegate.m */ = {isa = PBXFileReference; lastKnownFileType = sourcecode.c.objc; path = AppDelegate.m; sourceTree = "<group>"; };
		693542C71592F87A00CDE389 /* ESBlocksTests.octest */ = {isa = PBXFileReference; explicitFileType = wrapper.cfbundle; includeInIndex = 0; path = ESBlocksTests.octest; sourceTree = BUILT_PRODUCTS_DIR; };
		693542C81592F87A00CDE389 /* SenTestingKit.framework */ = {isa = PBXFileReference; lastKnownFileType = wrapper.framework; name = SenTestingKit.framework; path = Library/Frameworks/SenTestingKit.framework; sourceTree = DEVELOPER_DIR; };
		693542D01592F87A00CDE389 /* ESBlocksTests-Info.plist */ = {isa = PBXFileReference; lastKnownFileType = text.plist.xml; path = "ESBlocksTests-Info.plist"; sourceTree = "<group>"; };
		693542D21592F87A00CDE389 /* en */ = {isa = PBXFileReference; lastKnownFileType = text.plist.strings; name = en; path = en.lproj/InfoPlist.strings; sourceTree = "<group>"; };
		693542D41592F87A00CDE389 /* ESBlocksTests.h */ = {isa = PBXFileReference; lastKnownFileType = sourcecode.c.h; path = ESBlocksTests.h; sourceTree = "<group>"; };
		693542D51592F87A00CDE389 /* ESBlocksTests.m */ = {isa = PBXFileReference; lastKnownFileType = sourcecode.c.objc; path = ESBlocksTests.m; sourceTree = "<group>"; };
		693542E315930F8C00CDE389 /* TestObj.h */ = {isa = PBXFileReference; fileEncoding = 4; lastKnownFileType = sourcecode.c.h; path = TestObj.h; sourceTree = "<group>"; };
		693542E415930F8C00CDE389 /* TestObj.m */ = {isa = PBXFileReference; fileEncoding = 4; lastKnownFileType = sourcecode.c.objc; path = TestObj.m; sourceTree = "<group>"; };
		695B9C3B159945A3001C64C7 /* AddressBook.framework */ = {isa = PBXFileReference; lastKnownFileType = wrapper.framework; name = AddressBook.framework; path = System/Library/Frameworks/AddressBook.framework; sourceTree = SDKROOT; };
		695B9C3C159945A3001C64C7 /* AddressBookUI.framework */ = {isa = PBXFileReference; lastKnownFileType = wrapper.framework; name = AddressBookUI.framework; path = System/Library/Frameworks/AddressBookUI.framework; sourceTree = SDKROOT; };
		698937611597FF640095CF9A /* DemoViewController.h */ = {isa = PBXFileReference; fileEncoding = 4; lastKnownFileType = sourcecode.c.h; path = DemoViewController.h; sourceTree = "<group>"; };
		698937621597FF640095CF9A /* DemoViewController.m */ = {isa = PBXFileReference; fileEncoding = 4; lastKnownFileType = sourcecode.c.objc; path = DemoViewController.m; sourceTree = "<group>"; };
		698937631597FF640095CF9A /* DemoViewController.xib */ = {isa = PBXFileReference; fileEncoding = 4; lastKnownFileType = file.xib; path = DemoViewController.xib; sourceTree = "<group>"; };
		698937AE159844950095CF9A /* ESBlocks.h */ = {isa = PBXFileReference; fileEncoding = 4; lastKnownFileType = sourcecode.c.h; path = ESBlocks.h; sourceTree = "<group>"; };
		698937AF159844950095CF9A /* NSObject+ESBlocks.h */ = {isa = PBXFileReference; fileEncoding = 4; lastKnownFileType = sourcecode.c.h; path = "NSObject+ESBlocks.h"; sourceTree = "<group>"; };
		698937B0159844950095CF9A /* NSObject+ESBlocks.m */ = {isa = PBXFileReference; fileEncoding = 4; lastKnownFileType = sourcecode.c.objc; path = "NSObject+ESBlocks.m"; sourceTree = "<group>"; };
		698937B1159844950095CF9A /* NSObject+ESPropertyGeneration.h */ = {isa = PBXFileReference; fileEncoding = 4; lastKnownFileType = sourcecode.c.h; path = "NSObject+ESPropertyGeneration.h"; sourceTree = "<group>"; };
		698937B2159844950095CF9A /* NSObject+ESPropertyGeneration.m */ = {isa = PBXFileReference; fileEncoding = 4; lastKnownFileType = sourcecode.c.objc; path = "NSObject+ESPropertyGeneration.m"; sourceTree = "<group>"; };
		698937B3159844950095CF9A /* NSString+ESAdditions.h */ = {isa = PBXFileReference; fileEncoding = 4; lastKnownFileType = sourcecode.c.h; path = "NSString+ESAdditions.h"; sourceTree = "<group>"; };
		698937B4159844950095CF9A /* NSString+ESAdditions.m */ = {isa = PBXFileReference; fileEncoding = 4; lastKnownFileType = sourcecode.c.objc; path = "NSString+ESAdditions.m"; sourceTree = "<group>"; };
		698937B5159844950095CF9A /* UIActionSheet+ESBlocks.h */ = {isa = PBXFileReference; fileEncoding = 4; lastKnownFileType = sourcecode.c.h; path = "UIActionSheet+ESBlocks.h"; sourceTree = "<group>"; };
		698937B6159844950095CF9A /* UIActionSheet+ESBlocks.m */ = {isa = PBXFileReference; fileEncoding = 4; lastKnownFileType = sourcecode.c.objc; path = "UIActionSheet+ESBlocks.m"; sourceTree = "<group>"; };
		698937B7159844950095CF9A /* UIAlertView+ESBlocks.h */ = {isa = PBXFileReference; fileEncoding = 4; lastKnownFileType = sourcecode.c.h; path = "UIAlertView+ESBlocks.h"; sourceTree = "<group>"; };
		698937B8159844950095CF9A /* UIAlertView+ESBlocks.m */ = {isa = PBXFileReference; fileEncoding = 4; lastKnownFileType = sourcecode.c.objc; path = "UIAlertView+ESBlocks.m"; sourceTree = "<group>"; };
		698937C115984AE40095CF9A /* ESAddressBook.h */ = {isa = PBXFileReference; fileEncoding = 4; lastKnownFileType = sourcecode.c.h; path = ESAddressBook.h; sourceTree = "<group>"; };
		698937C215984AE40095CF9A /* ESAddressBook.m */ = {isa = PBXFileReference; fileEncoding = 4; lastKnownFileType = sourcecode.c.objc; path = ESAddressBook.m; sourceTree = "<group>"; };
		698937C515984C640095CF9A /* SynthesizeSingleton.h */ = {isa = PBXFileReference; fileEncoding = 4; lastKnownFileType = sourcecode.c.h; path = SynthesizeSingleton.h; sourceTree = "<group>"; };
/* End PBXFileReference section */

/* Begin PBXFrameworksBuildPhase section */
		693542A91592F87900CDE389 /* Frameworks */ = {
			isa = PBXFrameworksBuildPhase;
			buildActionMask = 2147483647;
			files = (
				695B9C3D159945A3001C64C7 /* AddressBook.framework in Frameworks */,
				695B9C3E159945A3001C64C7 /* AddressBookUI.framework in Frameworks */,
				693542B11592F87A00CDE389 /* UIKit.framework in Frameworks */,
				693542B31592F87A00CDE389 /* Foundation.framework in Frameworks */,
				693542B51592F87A00CDE389 /* CoreGraphics.framework in Frameworks */,
			);
			runOnlyForDeploymentPostprocessing = 0;
		};
		693542C31592F87A00CDE389 /* Frameworks */ = {
			isa = PBXFrameworksBuildPhase;
			buildActionMask = 2147483647;
			files = (
				693542C91592F87A00CDE389 /* SenTestingKit.framework in Frameworks */,
				693542CA1592F87A00CDE389 /* UIKit.framework in Frameworks */,
				693542CB1592F87A00CDE389 /* Foundation.framework in Frameworks */,
			);
			runOnlyForDeploymentPostprocessing = 0;
		};
/* End PBXFrameworksBuildPhase section */

/* Begin PBXGroup section */
		693542A11592F87900CDE389 = {
			isa = PBXGroup;
			children = (
				693542B61592F87A00CDE389 /* ESBlocks */,
				693542CE1592F87A00CDE389 /* ESBlocksTests */,
				693542AF1592F87A00CDE389 /* Frameworks */,
				693542AD1592F87A00CDE389 /* Products */,
			);
			sourceTree = "<group>";
		};
		693542AD1592F87A00CDE389 /* Products */ = {
			isa = PBXGroup;
			children = (
				693542AC1592F87A00CDE389 /* ESBlocks.app */,
				693542C71592F87A00CDE389 /* ESBlocksTests.octest */,
			);
			name = Products;
			sourceTree = "<group>";
		};
		693542AF1592F87A00CDE389 /* Frameworks */ = {
			isa = PBXGroup;
			children = (
				695B9C3B159945A3001C64C7 /* AddressBook.framework */,
				695B9C3C159945A3001C64C7 /* AddressBookUI.framework */,
				693542B01592F87A00CDE389 /* UIKit.framework */,
				693542B21592F87A00CDE389 /* Foundation.framework */,
				693542B41592F87A00CDE389 /* CoreGraphics.framework */,
				693542C81592F87A00CDE389 /* SenTestingKit.framework */,
			);
			name = Frameworks;
			sourceTree = "<group>";
		};
		693542B61592F87A00CDE389 /* ESBlocks */ = {
			isa = PBXGroup;
			children = (
				698937AD159844950095CF9A /* Lib */,
				693542BF1592F87A00CDE389 /* AppDelegate.h */,
				693542C01592F87A00CDE389 /* AppDelegate.m */,
				698937611597FF640095CF9A /* DemoViewController.h */,
				698937621597FF640095CF9A /* DemoViewController.m */,
				698937631597FF640095CF9A /* DemoViewController.xib */,
				693542E315930F8C00CDE389 /* TestObj.h */,
				693542E415930F8C00CDE389 /* TestObj.m */,
				693542B71592F87A00CDE389 /* Supporting Files */,
			);
			path = ESBlocks;
			sourceTree = "<group>";
		};
		693542B71592F87A00CDE389 /* Supporting Files */ = {
			isa = PBXGroup;
			children = (
				693542B81592F87A00CDE389 /* ESBlocks-Info.plist */,
				693542B91592F87A00CDE389 /* InfoPlist.strings */,
				693542BC1592F87A00CDE389 /* main.m */,
				693542BE1592F87A00CDE389 /* ESBlocks-Prefix.pch */,
			);
			name = "Supporting Files";
			sourceTree = "<group>";
		};
		693542CE1592F87A00CDE389 /* ESBlocksTests */ = {
			isa = PBXGroup;
			children = (
				693542D41592F87A00CDE389 /* ESBlocksTests.h */,
				693542D51592F87A00CDE389 /* ESBlocksTests.m */,
				693542CF1592F87A00CDE389 /* Supporting Files */,
			);
			path = ESBlocksTests;
			sourceTree = "<group>";
		};
		693542CF1592F87A00CDE389 /* Supporting Files */ = {
			isa = PBXGroup;
			children = (
				693542D01592F87A00CDE389 /* ESBlocksTests-Info.plist */,
				693542D11592F87A00CDE389 /* InfoPlist.strings */,
			);
			name = "Supporting Files";
			sourceTree = "<group>";
		};
		698937AD159844950095CF9A /* Lib */ = {
			isa = PBXGroup;
			children = (
				698937C415984C5B0095CF9A /* Utils */,
				698937C015984AC50095CF9A /* ESAddressBook */,
				698937BF159844A40095CF9A /* ESBlocks */,
				698937BE1598449D0095CF9A /* ESAdditions */,
			);
			path = Lib;
			sourceTree = "<group>";
		};
		698937BE1598449D0095CF9A /* ESAdditions */ = {
			isa = PBXGroup;
			children = (
				698937B1159844950095CF9A /* NSObject+ESPropertyGeneration.h */,
				698937B2159844950095CF9A /* NSObject+ESPropertyGeneration.m */,
				698937B3159844950095CF9A /* NSString+ESAdditions.h */,
				698937B4159844950095CF9A /* NSString+ESAdditions.m */,
			);
			name = ESAdditions;
			sourceTree = "<group>";
		};
		698937BF159844A40095CF9A /* ESBlocks */ = {
			isa = PBXGroup;
			children = (
				698937AE159844950095CF9A /* ESBlocks.h */,
				698937AF159844950095CF9A /* NSObject+ESBlocks.h */,
				698937B0159844950095CF9A /* NSObject+ESBlocks.m */,
				698937B5159844950095CF9A /* UIActionSheet+ESBlocks.h */,
				698937B6159844950095CF9A /* UIActionSheet+ESBlocks.m */,
				698937B7159844950095CF9A /* UIAlertView+ESBlocks.h */,
				698937B8159844950095CF9A /* UIAlertView+ESBlocks.m */,
			);
			name = ESBlocks;
			sourceTree = "<group>";
		};
		698937C015984AC50095CF9A /* ESAddressBook */ = {
			isa = PBXGroup;
			children = (
				698937C115984AE40095CF9A /* ESAddressBook.h */,
				698937C215984AE40095CF9A /* ESAddressBook.m */,
			);
			name = ESAddressBook;
			sourceTree = "<group>";
		};
		698937C415984C5B0095CF9A /* Utils */ = {
			isa = PBXGroup;
			children = (
				698937C515984C640095CF9A /* SynthesizeSingleton.h */,
			);
			name = Utils;
			sourceTree = "<group>";
		};
/* End PBXGroup section */

/* Begin PBXNativeTarget section */
		693542AB1592F87900CDE389 /* ESBlocks */ = {
			isa = PBXNativeTarget;
			buildConfigurationList = 693542D91592F87A00CDE389 /* Build configuration list for PBXNativeTarget "ESBlocks" */;
			buildPhases = (
				693542A81592F87900CDE389 /* Sources */,
				693542A91592F87900CDE389 /* Frameworks */,
				693542AA1592F87900CDE389 /* Resources */,
			);
			buildRules = (
			);
			dependencies = (
			);
			name = ESBlocks;
			productName = ESBlocks;
			productReference = 693542AC1592F87A00CDE389 /* ESBlocks.app */;
			productType = "com.apple.product-type.application";
		};
		693542C61592F87A00CDE389 /* ESBlocksTests */ = {
			isa = PBXNativeTarget;
			buildConfigurationList = 693542DC1592F87A00CDE389 /* Build configuration list for PBXNativeTarget "ESBlocksTests" */;
			buildPhases = (
				693542C21592F87A00CDE389 /* Sources */,
				693542C31592F87A00CDE389 /* Frameworks */,
				693542C41592F87A00CDE389 /* Resources */,
				693542C51592F87A00CDE389 /* ShellScript */,
			);
			buildRules = (
			);
			dependencies = (
				693542CD1592F87A00CDE389 /* PBXTargetDependency */,
			);
			name = ESBlocksTests;
			productName = ESBlocksTests;
			productReference = 693542C71592F87A00CDE389 /* ESBlocksTests.octest */;
			productType = "com.apple.product-type.bundle";
		};
/* End PBXNativeTarget section */

/* Begin PBXProject section */
		693542A31592F87900CDE389 /* Project object */ = {
			isa = PBXProject;
			attributes = {
				LastUpgradeCheck = 0430;
				ORGANIZATIONNAME = "Chi Zhang";
			};
			buildConfigurationList = 693542A61592F87900CDE389 /* Build configuration list for PBXProject "ESBlocks" */;
			compatibilityVersion = "Xcode 3.2";
			developmentRegion = English;
			hasScannedForEncodings = 0;
			knownRegions = (
				en,
			);
			mainGroup = 693542A11592F87900CDE389;
			productRefGroup = 693542AD1592F87A00CDE389 /* Products */;
			projectDirPath = "";
			projectRoot = "";
			targets = (
				693542AB1592F87900CDE389 /* ESBlocks */,
				693542C61592F87A00CDE389 /* ESBlocksTests */,
			);
		};
/* End PBXProject section */

/* Begin PBXResourcesBuildPhase section */
		693542AA1592F87900CDE389 /* Resources */ = {
			isa = PBXResourcesBuildPhase;
			buildActionMask = 2147483647;
			files = (
				693542BB1592F87A00CDE389 /* InfoPlist.strings in Resources */,
				698937651597FF640095CF9A /* DemoViewController.xib in Resources */,
			);
			runOnlyForDeploymentPostprocessing = 0;
		};
		693542C41592F87A00CDE389 /* Resources */ = {
			isa = PBXResourcesBuildPhase;
			buildActionMask = 2147483647;
			files = (
				693542D31592F87A00CDE389 /* InfoPlist.strings in Resources */,
			);
			runOnlyForDeploymentPostprocessing = 0;
		};
/* End PBXResourcesBuildPhase section */

/* Begin PBXShellScriptBuildPhase section */
		693542C51592F87A00CDE389 /* ShellScript */ = {
			isa = PBXShellScriptBuildPhase;
			buildActionMask = 2147483647;
			files = (
			);
			inputPaths = (
			);
			outputPaths = (
			);
			runOnlyForDeploymentPostprocessing = 0;
			shellPath = /bin/sh;
			shellScript = "# Run the unit tests in this test bundle.\n\"${SYSTEM_DEVELOPER_DIR}/Tools/RunUnitTests\"\n";
		};
/* End PBXShellScriptBuildPhase section */

/* Begin PBXSourcesBuildPhase section */
		693542A81592F87900CDE389 /* Sources */ = {
			isa = PBXSourcesBuildPhase;
			buildActionMask = 2147483647;
			files = (
				693542BD1592F87A00CDE389 /* main.m in Sources */,
				693542C11592F87A00CDE389 /* AppDelegate.m in Sources */,
				693542E515930F8C00CDE389 /* TestObj.m in Sources */,
				698937641597FF640095CF9A /* DemoViewController.m in Sources */,
				698937B9159844950095CF9A /* NSObject+ESBlocks.m in Sources */,
				698937BA159844950095CF9A /* NSObject+ESPropertyGeneration.m in Sources */,
				698937BB159844950095CF9A /* NSString+ESAdditions.m in Sources */,
				698937BC159844950095CF9A /* UIActionSheet+ESBlocks.m in Sources */,
				698937BD159844950095CF9A /* UIAlertView+ESBlocks.m in Sources */,
				698937C315984AE40095CF9A /* ESAddressBook.m in Sources */,
			);
			runOnlyForDeploymentPostprocessing = 0;
		};
		693542C21592F87A00CDE389 /* Sources */ = {
			isa = PBXSourcesBuildPhase;
			buildActionMask = 2147483647;
			files = (
				693542D61592F87A00CDE389 /* ESBlocksTests.m in Sources */,
			);
			runOnlyForDeploymentPostprocessing = 0;
		};
/* End PBXSourcesBuildPhase section */

/* Begin PBXTargetDependency section */
		693542CD1592F87A00CDE389 /* PBXTargetDependency */ = {
			isa = PBXTargetDependency;
			target = 693542AB1592F87900CDE389 /* ESBlocks */;
			targetProxy = 693542CC1592F87A00CDE389 /* PBXContainerItemProxy */;
		};
/* End PBXTargetDependency section */

/* Begin PBXVariantGroup section */
		693542B91592F87A00CDE389 /* InfoPlist.strings */ = {
			isa = PBXVariantGroup;
			children = (
				693542BA1592F87A00CDE389 /* en */,
			);
			name = InfoPlist.strings;
			sourceTree = "<group>";
		};
		693542D11592F87A00CDE389 /* InfoPlist.strings */ = {
			isa = PBXVariantGroup;
			children = (
				693542D21592F87A00CDE389 /* en */,
			);
			name = InfoPlist.strings;
			sourceTree = "<group>";
		};
/* End PBXVariantGroup section */

/* Begin XCBuildConfiguration section */
		693542D71592F87A00CDE389 /* Debug */ = {
			isa = XCBuildConfiguration;
			buildSettings = {
				ALWAYS_SEARCH_USER_PATHS = NO;
				ARCHS = "$(ARCHS_STANDARD_32_BIT)";
				CLANG_ENABLE_OBJC_ARC = YES;
				"CODE_SIGN_IDENTITY[sdk=iphoneos*]" = "iPhone Developer";
				COPY_PHASE_STRIP = NO;
				GCC_C_LANGUAGE_STANDARD = gnu99;
				GCC_DYNAMIC_NO_PIC = NO;
				GCC_OPTIMIZATION_LEVEL = 0;
				GCC_PREPROCESSOR_DEFINITIONS = (
					"DEBUG=1",
					"$(inherited)",
				);
				GCC_SYMBOLS_PRIVATE_EXTERN = NO;
				GCC_VERSION = com.apple.compilers.llvm.clang.1_0;
				GCC_WARN_ABOUT_RETURN_TYPE = YES;
				GCC_WARN_UNINITIALIZED_AUTOS = YES;
				GCC_WARN_UNUSED_VARIABLE = YES;
				IPHONEOS_DEPLOYMENT_TARGET = 5.1;
				SDKROOT = iphoneos;
			};
			name = Debug;
		};
		693542D81592F87A00CDE389 /* Release */ = {
			isa = XCBuildConfiguration;
			buildSettings = {
				ALWAYS_SEARCH_USER_PATHS = NO;
				ARCHS = "$(ARCHS_STANDARD_32_BIT)";
				CLANG_ENABLE_OBJC_ARC = YES;
				"CODE_SIGN_IDENTITY[sdk=iphoneos*]" = "iPhone Developer";
				COPY_PHASE_STRIP = YES;
				GCC_C_LANGUAGE_STANDARD = gnu99;
				GCC_VERSION = com.apple.compilers.llvm.clang.1_0;
				GCC_WARN_ABOUT_RETURN_TYPE = YES;
				GCC_WARN_UNINITIALIZED_AUTOS = YES;
				GCC_WARN_UNUSED_VARIABLE = YES;
				IPHONEOS_DEPLOYMENT_TARGET = 5.1;
				OTHER_CFLAGS = "-DNS_BLOCK_ASSERTIONS=1";
				SDKROOT = iphoneos;
				VALIDATE_PRODUCT = YES;
			};
			name = Release;
		};
		693542DA1592F87A00CDE389 /* Debug */ = {
			isa = XCBuildConfiguration;
			buildSettings = {
				GCC_PRECOMPILE_PREFIX_HEADER = YES;
				GCC_PREFIX_HEADER = "ESBlocks/ESBlocks-Prefix.pch";
				INFOPLIST_FILE = "ESBlocks/ESBlocks-Info.plist";
				PRODUCT_NAME = "$(TARGET_NAME)";
				WRAPPER_EXTENSION = app;
			};
			name = Debug;
		};
		693542DB1592F87A00CDE389 /* Release */ = {
			isa = XCBuildConfiguration;
			buildSettings = {
				GCC_PRECOMPILE_PREFIX_HEADER = YES;
				GCC_PREFIX_HEADER = "ESBlocks/ESBlocks-Prefix.pch";
				INFOPLIST_FILE = "ESBlocks/ESBlocks-Info.plist";
				PRODUCT_NAME = "$(TARGET_NAME)";
				WRAPPER_EXTENSION = app;
			};
			name = Release;
		};
		693542DD1592F87A00CDE389 /* Debug */ = {
			isa = XCBuildConfiguration;
			buildSettings = {
				BUNDLE_LOADER = "$(BUILT_PRODUCTS_DIR)/ESBlocks.app/ESBlocks";
				FRAMEWORK_SEARCH_PATHS = (
					"$(SDKROOT)/Developer/Library/Frameworks",
					"$(DEVELOPER_LIBRARY_DIR)/Frameworks",
				);
				GCC_PRECOMPILE_PREFIX_HEADER = YES;
				GCC_PREFIX_HEADER = "ESBlocks/ESBlocks-Prefix.pch";
				INFOPLIST_FILE = "ESBlocksTests/ESBlocksTests-Info.plist";
				PRODUCT_NAME = "$(TARGET_NAME)";
				TEST_HOST = "$(BUNDLE_LOADER)";
				WRAPPER_EXTENSION = octest;
			};
			name = Debug;
		};
		693542DE1592F87A00CDE389 /* Release */ = {
			isa = XCBuildConfiguration;
			buildSettings = {
				BUNDLE_LOADER = "$(BUILT_PRODUCTS_DIR)/ESBlocks.app/ESBlocks";
				FRAMEWORK_SEARCH_PATHS = (
					"$(SDKROOT)/Developer/Library/Frameworks",
					"$(DEVELOPER_LIBRARY_DIR)/Frameworks",
				);
				GCC_PRECOMPILE_PREFIX_HEADER = YES;
				GCC_PREFIX_HEADER = "ESBlocks/ESBlocks-Prefix.pch";
				INFOPLIST_FILE = "ESBlocksTests/ESBlocksTests-Info.plist";
				PRODUCT_NAME = "$(TARGET_NAME)";
				TEST_HOST = "$(BUNDLE_LOADER)";
				WRAPPER_EXTENSION = octest;
			};
			name = Release;
		};
/* End XCBuildConfiguration section */

/* Begin XCConfigurationList section */
		693542A61592F87900CDE389 /* Build configuration list for PBXProject "ESBlocks" */ = {
			isa = XCConfigurationList;
			buildConfigurations = (
				693542D71592F87A00CDE389 /* Debug */,
				693542D81592F87A00CDE389 /* Release */,
			);
			defaultConfigurationIsVisible = 0;
			defaultConfigurationName = Release;
		};
		693542D91592F87A00CDE389 /* Build configuration list for PBXNativeTarget "ESBlocks" */ = {
			isa = XCConfigurationList;
			buildConfigurations = (
				693542DA1592F87A00CDE389 /* Debug */,
				693542DB1592F87A00CDE389 /* Release */,
			);
			defaultConfigurationIsVisible = 0;
			defaultConfigurationName = Release;
		};
		693542DC1592F87A00CDE389 /* Build configuration list for PBXNativeTarget "ESBlocksTests" */ = {
			isa = XCConfigurationList;
			buildConfigurations = (
				693542DD1592F87A00CDE389 /* Debug */,
				693542DE1592F87A00CDE389 /* Release */,
			);
			defaultConfigurationIsVisible = 0;
			defaultConfigurationName = Release;
		};
/* End XCConfigurationList section */
	};
	rootObject = 693542A31592F87900CDE389 /* Project object */;
}
